
Microsoft Visual Studio Solution File, Format Version 12.00
# Visual Studio Version 17
VisualStudioVersion = 17.0.31903.59
MinimumVisualStudioVersion = 10.0.40219.1
Project("{FAE04EC0-301F-11D3-BF4B-00C04F79EFBC}") = "SunnySystem", "SunnySystem\SunnySystem.csproj", "{1FFCE686-349B-47F1-B2A8-75C2AD421B8B}"
EndProject
Project("{FAE04EC0-301F-11D3-BF4B-00C04F79EFBC}") = "SunnySystem.Data", "SunnySystem.Data\SunnySystem.Data.csproj", "{C7BC2D8B-E731-46FC-B21E-5F8FEDB3B70D}"
EndProject
Project("{FAE04EC0-301F-11D3-BF4B-00C04F79EFBC}") = "SunnySystem.Repository", "SunnySystem.Repository\SunnySystem.Repository.csproj", "{F7897C1B-3984-4B0E-81FE-E99D665562AF}"
EndProject
Project("{FAE04EC0-301F-11D3-BF4B-00C04F79EFBC}") = "SunnySystem.Server", "SunnySystemServer\SunnySystemServer.csproj", "{CDA2EB2A-7CCE-499A-ADA8-71024CD9C1BE}"
EndProject
Project("{FAE04EC0-301F-11D3-BF4B-00C04F79EFBC}") = "SunnySystem.Server", "SunnySystem.Server\SunnySystem.Server.csproj", "{52152407-0FBA-4B48-BBB9-E6A470CCC613}"
EndProject
Global
	GlobalSection(SolutionConfigurationPlatforms) = preSolution
		Debug|Any CPU = Debug|Any CPU
		Release|Any CPU = Release|Any CPU
	EndGlobalSection
	GlobalSection(SolutionProperties) = preSolution
		HideSolutionNode = FALSE
	EndGlobalSection
	GlobalSection(ProjectConfigurationPlatforms) = postSolution
		{1FFCE686-349B-47F1-B2A8-75C2AD421B8B}.Debug|Any CPU.ActiveCfg = Debug|Any CPU
		{1FFCE686-349B-47F1-B2A8-75C2AD421B8B}.Debug|Any CPU.Build.0 = Debug|Any CPU
		{1FFCE686-349B-47F1-B2A8-75C2AD421B8B}.Release|Any CPU.ActiveCfg = Release|Any CPU
		{1FFCE686-349B-47F1-B2A8-75C2AD421B8B}.Release|Any CPU.Build.0 = Release|Any CPU
		{C7BC2D8B-E731-46FC-B21E-5F8FEDB3B70D}.Debug|Any CPU.ActiveCfg = Debug|Any CPU
		{C7BC2D8B-E731-46FC-B21E-5F8FEDB3B70D}.Debug|Any CPU.Build.0 = Debug|Any CPU
		{C7BC2D8B-E731-46FC-B21E-5F8FEDB3B70D}.Release|Any CPU.ActiveCfg = Release|Any CPU
		{C7BC2D8B-E731-46FC-B21E-5F8FEDB3B70D}.Release|Any CPU.Build.0 = Release|Any CPU
		{F7897C1B-3984-4B0E-81FE-E99D665562AF}.Debug|Any CPU.ActiveCfg = Debug|Any CPU
		{F7897C1B-3984-4B0E-81FE-E99D665562AF}.Debug|Any CPU.Build.0 = Debug|Any CPU
		{F7897C1B-3984-4B0E-81FE-E99D665562AF}.Release|Any CPU.ActiveCfg = Release|Any CPU
		{F7897C1B-3984-4B0E-81FE-E99D665562AF}.Release|Any CPU.Build.0 = Release|Any CPU
		{CDA2EB2A-7CCE-499A-ADA8-71024CD9C1BE}.Debug|Any CPU.ActiveCfg = Debug|Any CPU
		{CDA2EB2A-7CCE-499A-ADA8-71024CD9C1BE}.Debug|Any CPU.Build.0 = Debug|Any CPU
		{CDA2EB2A-7CCE-499A-ADA8-71024CD9C1BE}.Release|Any CPU.ActiveCfg = Release|Any CPU
		{CDA2EB2A-7CCE-499A-ADA8-71024CD9C1BE}.Release|Any CPU.Build.0 = Release|Any CPU
		{52152407-0FBA-4B48-BBB9-E6A470CCC613}.Debug|Any CPU.ActiveCfg = Debug|Any CPU
		{52152407-0FBA-4B48-BBB9-E6A470CCC613}.Debug|Any CPU.Build.0 = Debug|Any CPU
		{52152407-0FBA-4B48-BBB9-E6A470CCC613}.Release|Any CPU.ActiveCfg = Release|Any CPU
		{52152407-0FBA-4B48-BBB9-E6A470CCC613}.Release|Any CPU.Build.0 = Release|Any CPU
	EndGlobalSection
	GlobalSection(NestedProjects) = preSolution
		{CDA2EB2A-7CCE-499A-ADA8-71024CD9C1BE} = {CDA2EB2A-7CCE-499A-ADA8-71024CD9C1BE}
	EndGlobalSection
EndGlobal
